
Microsoft Visual Studio Solution File, Format Version 12.00
# Visual Studio Version 17
VisualStudioVersion = 17.1.32228.430
MinimumVisualStudioVersion = 10.0.40219.1
Project("{9A19103F-16F7-4668-BE54-9A1E7A4F7556}") = "API", "API\API.csproj", "{9DD61C44-A0AE-4BF9-9708-291A49524285}"
EndProject
Project("{FAE04EC0-301F-11D3-BF4B-00C04F79EFBC}") = "Client", "Client\Client.csproj", "{73DBB095-AF49-4EF3-B313-6D83F6B136DF}"
EndProject
Global
	GlobalSection(SolutionConfigurationPlatforms) = preSolution
		Debug|Any CPU = Debug|Any CPU
		Release|Any CPU = Release|Any CPU
	EndGlobalSection
	GlobalSection(ProjectConfigurationPlatforms) = postSolution
		{9DD61C44-A0AE-4BF9-9708-291A49524285}.Debug|Any CPU.ActiveCfg = Debug|Any CPU
		{9DD61C44-A0AE-4BF9-9708-291A49524285}.Debug|Any CPU.Build.0 = Debug|Any CPU
		{9DD61C44-A0AE-4BF9-9708-291A49524285}.Release|Any CPU.ActiveCfg = Release|Any CPU
		{9DD61C44-A0AE-4BF9-9708-291A49524285}.Release|Any CPU.Build.0 = Release|Any CPU
		{73DBB095-AF49-4EF3-B313-6D83F6B136DF}.Debug|Any CPU.ActiveCfg = Debug|Any CPU
		{73DBB095-AF49-4EF3-B313-6D83F6B136DF}.Debug|Any CPU.Build.0 = Debug|Any CPU
		{73DBB095-AF49-4EF3-B313-6D83F6B136DF}.Release|Any CPU.ActiveCfg = Release|Any CPU
		{73DBB095-AF49-4EF3-B313-6D83F6B136DF}.Release|Any CPU.Build.0 = Release|Any CPU
	EndGlobalSection
	GlobalSection(SolutionProperties) = preSolution
		HideSolutionNode = FALSE
	EndGlobalSection
	GlobalSection(ExtensibilityGlobals) = postSolution
		SolutionGuid = {097595C4-915E-4609-A679-F63123122DD5}
	EndGlobalSection
EndGlobal
